
Microsoft Visual Studio Solution File, Format Version 12.00
# Visual Studio Version 17
VisualStudioVersion = 17.5.002.0
MinimumVisualStudioVersion = 10.0.40219.1
Project("{9A19103F-16F7-4668-BE54-9A1E7A4F7556}") = "PlatformService", "PlatformService.csproj", "{0D865BC8-E86E-429F-B082-A0DBB2D0EEA5}"
EndProject
Global
	GlobalSection(SolutionConfigurationPlatforms) = preSolution
		Debug|Any CPU = Debug|Any CPU
		Release|Any CPU = Release|Any CPU
	EndGlobalSection
	GlobalSection(ProjectConfigurationPlatforms) = postSolution
		{0D865BC8-E86E-429F-B082-A0DBB2D0EEA5}.Debug|Any CPU.ActiveCfg = Debug|Any CPU
		{0D865BC8-E86E-429F-B082-A0DBB2D0EEA5}.Debug|Any CPU.Build.0 = Debug|Any CPU
		{0D865BC8-E86E-429F-B082-A0DBB2D0EEA5}.Release|Any CPU.ActiveCfg = Release|Any CPU
		{0D865BC8-E86E-429F-B082-A0DBB2D0EEA5}.Release|Any CPU.Build.0 = Release|Any CPU
	EndGlobalSection
	GlobalSection(SolutionProperties) = preSolution
		HideSolutionNode = FALSE
	EndGlobalSection
	GlobalSection(ExtensibilityGlobals) = postSolution
		SolutionGuid = {BA6D7CEB-EA3B-4A83-ACFC-F37CBE2303AC}
	EndGlobalSection
EndGlobal
